
Microsoft Visual Studio Solution File, Format Version 12.00
# Visual Studio Version 17
VisualStudioVersion = 17.13.35931.197
MinimumVisualStudioVersion = 10.0.40219.1
Project("{FAE04EC0-301F-11D3-BF4B-00C04F79EFBC}") = "BeatBay.Model", "BeatBay.Model\BeatBay.Model.csproj", "{B35EE510-2658-4B4F-B93E-C045765DF518}"
EndProject
Project("{FAE04EC0-301F-11D3-BF4B-00C04F79EFBC}") = "BeatBay.API", "BeatBay.API\BeatBay.API.csproj", "{04246ABB-5EDA-4417-8B4F-01E46CE19125}"
EndProject
Project("{FAE04EC0-301F-11D3-BF4B-00C04F79EFBC}") = "BeatBay.APIConsumer", "BeatBay.APIConsumer\BeatBay.APIConsumer.csproj", "{73B6532C-A657-47AF-AF53-7399B809F43B}"
EndProject
Project("{FAE04EC0-301F-11D3-BF4B-00C04F79EFBC}") = "BeatBay.MVC", "BeatBay.MVC\BeatBay.MVC.csproj", "{5DC00B53-7A37-4CA6-B9A5-8A4F0BE6A0B1}"
EndProject
Global
	GlobalSection(SolutionConfigurationPlatforms) = preSolution
		Debug|Any CPU = Debug|Any CPU
		Release|Any CPU = Release|Any CPU
	EndGlobalSection
	GlobalSection(ProjectConfigurationPlatforms) = postSolution
		{B35EE510-2658-4B4F-B93E-C045765DF518}.Debug|Any CPU.ActiveCfg = Debug|Any CPU
		{B35EE510-2658-4B4F-B93E-C045765DF518}.Debug|Any CPU.Build.0 = Debug|Any CPU
		{B35EE510-2658-4B4F-B93E-C045765DF518}.Release|Any CPU.ActiveCfg = Release|Any CPU
		{B35EE510-2658-4B4F-B93E-C045765DF518}.Release|Any CPU.Build.0 = Release|Any CPU
		{04246ABB-5EDA-4417-8B4F-01E46CE19125}.Debug|Any CPU.ActiveCfg = Debug|Any CPU
		{04246ABB-5EDA-4417-8B4F-01E46CE19125}.Debug|Any CPU.Build.0 = Debug|Any CPU
		{04246ABB-5EDA-4417-8B4F-01E46CE19125}.Release|Any CPU.ActiveCfg = Release|Any CPU
		{04246ABB-5EDA-4417-8B4F-01E46CE19125}.Release|Any CPU.Build.0 = Release|Any CPU
		{73B6532C-A657-47AF-AF53-7399B809F43B}.Debug|Any CPU.ActiveCfg = Debug|Any CPU
		{73B6532C-A657-47AF-AF53-7399B809F43B}.Debug|Any CPU.Build.0 = Debug|Any CPU
		{73B6532C-A657-47AF-AF53-7399B809F43B}.Release|Any CPU.ActiveCfg = Release|Any CPU
		{73B6532C-A657-47AF-AF53-7399B809F43B}.Release|Any CPU.Build.0 = Release|Any CPU
		{5DC00B53-7A37-4CA6-B9A5-8A4F0BE6A0B1}.Debug|Any CPU.ActiveCfg = Debug|Any CPU
		{5DC00B53-7A37-4CA6-B9A5-8A4F0BE6A0B1}.Debug|Any CPU.Build.0 = Debug|Any CPU
		{5DC00B53-7A37-4CA6-B9A5-8A4F0BE6A0B1}.Release|Any CPU.ActiveCfg = Release|Any CPU
		{5DC00B53-7A37-4CA6-B9A5-8A4F0BE6A0B1}.Release|Any CPU.Build.0 = Release|Any CPU
	EndGlobalSection
	GlobalSection(SolutionProperties) = preSolution
		HideSolutionNode = FALSE
	EndGlobalSection
	GlobalSection(ExtensibilityGlobals) = postSolution
		SolutionGuid = {4787F573-D817-4E92-84A5-0854601352BB}
	EndGlobalSection
EndGlobal
